
Microsoft Visual Studio Solution File, Format Version 12.00
# Visual Studio Version 17
VisualStudioVersion = 17.6.33829.357
MinimumVisualStudioVersion = 10.0.40219.1
Project("{FAE04EC0-301F-11D3-BF4B-00C04F79EFBC}") = "finalProject145", "finalProject145\finalProject145.csproj", "{AD992388-F04F-43C5-9187-5C088EF09F32}"
EndProject
Global
	GlobalSection(SolutionConfigurationPlatforms) = preSolution
		Debug|Any CPU = Debug|Any CPU
		Release|Any CPU = Release|Any CPU
	EndGlobalSection
	GlobalSection(ProjectConfigurationPlatforms) = postSolution
		{AD992388-F04F-43C5-9187-5C088EF09F32}.Debug|Any CPU.ActiveCfg = Debug|Any CPU
		{AD992388-F04F-43C5-9187-5C088EF09F32}.Debug|Any CPU.Build.0 = Debug|Any CPU
		{AD992388-F04F-43C5-9187-5C088EF09F32}.Release|Any CPU.ActiveCfg = Release|Any CPU
		{AD992388-F04F-43C5-9187-5C088EF09F32}.Release|Any CPU.Build.0 = Release|Any CPU
	EndGlobalSection
	GlobalSection(SolutionProperties) = preSolution
		HideSolutionNode = FALSE
	EndGlobalSection
	GlobalSection(ExtensibilityGlobals) = postSolution
		SolutionGuid = {C149A797-EA5D-4228-96C0-3F652F54DE0C}
	EndGlobalSection
EndGlobal
